
Microsoft Visual Studio Solution File, Format Version 12.00
# Visual Studio Version 17
VisualStudioVersion = 17.9.34607.119
MinimumVisualStudioVersion = 10.0.40219.1
Project("{9A19103F-16F7-4668-BE54-9A1E7A4F7556}") = "Orders", "Orders\Orders.csproj", "{ED9B0ED0-D671-420C-ACAB-41329102C31D}"
EndProject
Project("{FAE04EC0-301F-11D3-BF4B-00C04F79EFBC}") = "UnitTest", "UnitTest\UnitTest.csproj", "{B908E461-6E52-4870-90D2-46E22099FB53}"
EndProject
Global
	GlobalSection(SolutionConfigurationPlatforms) = preSolution
		Debug|Any CPU = Debug|Any CPU
		Release|Any CPU = Release|Any CPU
	EndGlobalSection
	GlobalSection(ProjectConfigurationPlatforms) = postSolution
		{ED9B0ED0-D671-420C-ACAB-41329102C31D}.Debug|Any CPU.ActiveCfg = Debug|Any CPU
		{ED9B0ED0-D671-420C-ACAB-41329102C31D}.Debug|Any CPU.Build.0 = Debug|Any CPU
		{ED9B0ED0-D671-420C-ACAB-41329102C31D}.Release|Any CPU.ActiveCfg = Release|Any CPU
		{ED9B0ED0-D671-420C-ACAB-41329102C31D}.Release|Any CPU.Build.0 = Release|Any CPU
		{B908E461-6E52-4870-90D2-46E22099FB53}.Debug|Any CPU.ActiveCfg = Debug|Any CPU
		{B908E461-6E52-4870-90D2-46E22099FB53}.Debug|Any CPU.Build.0 = Debug|Any CPU
		{B908E461-6E52-4870-90D2-46E22099FB53}.Release|Any CPU.ActiveCfg = Release|Any CPU
		{B908E461-6E52-4870-90D2-46E22099FB53}.Release|Any CPU.Build.0 = Release|Any CPU
	EndGlobalSection
	GlobalSection(SolutionProperties) = preSolution
		HideSolutionNode = FALSE
	EndGlobalSection
	GlobalSection(ExtensibilityGlobals) = postSolution
		SolutionGuid = {AC68B1D8-069B-480F-9916-110A5BB50823}
	EndGlobalSection
EndGlobal
